// !$*UTF8*$!
{
	archiveVersion = 1;
	classes = {
	};
	objectVersion = 50;
	objects = {

/* Begin PBXBuildFile section */
		77EFAE5E22FE3C69003BE332 /* AppDelegate.swift in Sources */ = {isa = PBXBuildFile; fileRef = 77EFAE5D22FE3C69003BE332 /* AppDelegate.swift */; };
		77EFAE6022FE3C69003BE332 /* ViewController.swift in Sources */ = {isa = PBXBuildFile; fileRef = 77EFAE5F22FE3C69003BE332 /* ViewController.swift */; };
		77EFAE6322FE3C69003BE332 /* Main.storyboard in Resources */ = {isa = PBXBuildFile; fileRef = 77EFAE6122FE3C69003BE332 /* Main.storyboard */; };
		77EFAE6522FE3C6C003BE332 /* Assets.xcassets in Resources */ = {isa = PBXBuildFile; fileRef = 77EFAE6422FE3C6C003BE332 /* Assets.xcassets */; };
		77EFAE6822FE3C6C003BE332 /* LaunchScreen.storyboard in Resources */ = {isa = PBXBuildFile; fileRef = 77EFAE6622FE3C6C003BE332 /* LaunchScreen.storyboard */; };
		77EFAE7322FE3C6C003BE332 /* MCDA5550_Assignment3Tests.swift in Sources */ = {isa = PBXBuildFile; fileRef = 77EFAE7222FE3C6C003BE332 /* MCDA5550_Assignment3Tests.swift */; };
		77EFAE7E22FE3C6C003BE332 /* MCDA5550_Assignment3UITests.swift in Sources */ = {isa = PBXBuildFile; fileRef = 77EFAE7D22FE3C6C003BE332 /* MCDA5550_Assignment3UITests.swift */; };
/* End PBXBuildFile section */

/* Begin PBXContainerItemProxy section */
		77EFAE6F22FE3C6C003BE332 /* PBXContainerItemProxy */ = {
			isa = PBXContainerItemProxy;
			containerPortal = 77EFAE5222FE3C69003BE332 /* Project object */;
			proxyType = 1;
			remoteGlobalIDString = 77EFAE5922FE3C69003BE332;
			remoteInfo = MCDA5550_Assignment3;
		};
		77EFAE7A22FE3C6C003BE332 /* PBXContainerItemProxy */ = {
			isa = PBXContainerItemProxy;
			containerPortal = 77EFAE5222FE3C69003BE332 /* Project object */;
			proxyType = 1;
			remoteGlobalIDString = 77EFAE5922FE3C69003BE332;
			remoteInfo = MCDA5550_Assignment3;
		};
/* End PBXContainerItemProxy section */

/* Begin PBXFileReference section */
		77EFAE5A22FE3C69003BE332 /* MCDA5550_Assignment3.app */ = {isa = PBXFileReference; explicitFileType = wrapper.application; includeInIndex = 0; path = MCDA5550_Assignment3.app; sourceTree = BUILT_PRODUCTS_DIR; };
		77EFAE5D22FE3C69003BE332 /* AppDelegate.swift */ = {isa = PBXFileReference; lastKnownFileType = sourcecode.swift; path = AppDelegate.swift; sourceTree = "<group>"; };
		77EFAE5F22FE3C69003BE332 /* ViewController.swift */ = {isa = PBXFileReference; lastKnownFileType = sourcecode.swift; path = ViewController.swift; sourceTree = "<group>"; };
		77EFAE6222FE3C69003BE332 /* Base */ = {isa = PBXFileReference; lastKnownFileType = file.storyboard; name = Base; path = Base.lproj/Main.storyboard; sourceTree = "<group>"; };
		77EFAE6422FE3C6C003BE332 /* Assets.xcassets */ = {isa = PBXFileReference; lastKnownFileType = folder.assetcatalog; path = Assets.xcassets; sourceTree = "<group>"; };
		77EFAE6722FE3C6C003BE332 /* Base */ = {isa = PBXFileReference; lastKnownFileType = file.storyboard; name = Base; path = Base.lproj/LaunchScreen.storyboard; sourceTree = "<group>"; };
		77EFAE6922FE3C6C003BE332 /* Info.plist */ = {isa = PBXFileReference; lastKnownFileType = text.plist.xml; path = Info.plist; sourceTree = "<group>"; };
		77EFAE6E22FE3C6C003BE332 /* MCDA5550_Assignment3Tests.xctest */ = {isa = PBXFileReference; explicitFileType = wrapper.cfbundle; includeInIndex = 0; path = MCDA5550_Assignment3Tests.xctest; sourceTree = BUILT_PRODUCTS_DIR; };
		77EFAE7222FE3C6C003BE332 /* MCDA5550_Assignment3Tests.swift */ = {isa = PBXFileReference; lastKnownFileType = sourcecode.swift; path = MCDA5550_Assignment3Tests.swift; sourceTree = "<group>"; };
		77EFAE7422FE3C6C003BE332 /* Info.plist */ = {isa = PBXFileReference; lastKnownFileType = text.plist.xml; path = Info.plist; sourceTree = "<group>"; };
		77EFAE7922FE3C6C003BE332 /* MCDA5550_Assignment3UITests.xctest */ = {isa = PBXFileReference; explicitFileType = wrapper.cfbundle; includeInIndex = 0; path = MCDA5550_Assignment3UITests.xctest; sourceTree = BUILT_PRODUCTS_DIR; };
		77EFAE7D22FE3C6C003BE332 /* MCDA5550_Assignment3UITests.swift */ = {isa = PBXFileReference; lastKnownFileType = sourcecode.swift; path = MCDA5550_Assignment3UITests.swift; sourceTree = "<group>"; };
		77EFAE7F22FE3C6C003BE332 /* Info.plist */ = {isa = PBXFileReference; lastKnownFileType = text.plist.xml; path = Info.plist; sourceTree = "<group>"; };
/* End PBXFileReference section */

/* Begin PBXFrameworksBuildPhase section */
		77EFAE5722FE3C69003BE332 /* Frameworks */ = {
			isa = PBXFrameworksBuildPhase;
			buildActionMask = 2147483647;
			files = (
			);
			runOnlyForDeploymentPostprocessing = 0;
		};
		77EFAE6B22FE3C6C003BE332 /* Frameworks */ = {
			isa = PBXFrameworksBuildPhase;
			buildActionMask = 2147483647;
			files = (
			);
			runOnlyForDeploymentPostprocessing = 0;
		};
		77EFAE7622FE3C6C003BE332 /* Frameworks */ = {
			isa = PBXFrameworksBuildPhase;
			buildActionMask = 2147483647;
			files = (
			);
			runOnlyForDeploymentPostprocessing = 0;
		};
/* End PBXFrameworksBuildPhase section */

/* Begin PBXGroup section */
		77EFAE5122FE3C69003BE332 = {
			isa = PBXGroup;
			children = (
				77EFAE5C22FE3C69003BE332 /* MCDA5550_Assignment3 */,
				77EFAE7122FE3C6C003BE332 /* MCDA5550_Assignment3Tests */,
				77EFAE7C22FE3C6C003BE332 /* MCDA5550_Assignment3UITests */,
				77EFAE5B22FE3C69003BE332 /* Products */,
			);
			sourceTree = "<group>";
		};
		77EFAE5B22FE3C69003BE332 /* Products */ = {
			isa = PBXGroup;
			children = (
				77EFAE5A22FE3C69003BE332 /* MCDA5550_Assignment3.app */,
				77EFAE6E22FE3C6C003BE332 /* MCDA5550_Assignment3Tests.xctest */,
				77EFAE7922FE3C6C003BE332 /* MCDA5550_Assignment3UITests.xctest */,
			);
			name = Products;
			sourceTree = "<group>";
		};
		77EFAE5C22FE3C69003BE332 /* MCDA5550_Assignment3 */ = {
			isa = PBXGroup;
			children = (
				77EFAE5D22FE3C69003BE332 /* AppDelegate.swift */,
				77EFAE5F22FE3C69003BE332 /* ViewController.swift */,
				77EFAE6122FE3C69003BE332 /* Main.storyboard */,
				77EFAE6422FE3C6C003BE332 /* Assets.xcassets */,
				77EFAE6622FE3C6C003BE332 /* LaunchScreen.storyboard */,
				77EFAE6922FE3C6C003BE332 /* Info.plist */,
			);
			path = MCDA5550_Assignment3;
			sourceTree = "<group>";
		};
		77EFAE7122FE3C6C003BE332 /* MCDA5550_Assignment3Tests */ = {
			isa = PBXGroup;
			children = (
				77EFAE7222FE3C6C003BE332 /* MCDA5550_Assignment3Tests.swift */,
				77EFAE7422FE3C6C003BE332 /* Info.plist */,
			);
			path = MCDA5550_Assignment3Tests;
			sourceTree = "<group>";
		};
		77EFAE7C22FE3C6C003BE332 /* MCDA5550_Assignment3UITests */ = {
			isa = PBXGroup;
			children = (
				77EFAE7D22FE3C6C003BE332 /* MCDA5550_Assignment3UITests.swift */,
				77EFAE7F22FE3C6C003BE332 /* Info.plist */,
			);
			path = MCDA5550_Assignment3UITests;
			sourceTree = "<group>";
		};
/* End PBXGroup section */

/* Begin PBXNativeTarget section */
		77EFAE5922FE3C69003BE332 /* MCDA5550_Assignment3 */ = {
			isa = PBXNativeTarget;
			buildConfigurationList = 77EFAE8222FE3C6C003BE332 /* Build configuration list for PBXNativeTarget "MCDA5550_Assignment3" */;
			buildPhases = (
				77EFAE5622FE3C69003BE332 /* Sources */,
				77EFAE5722FE3C69003BE332 /* Frameworks */,
				77EFAE5822FE3C69003BE332 /* Resources */,
			);
			buildRules = (
			);
			dependencies = (
			);
			name = MCDA5550_Assignment3;
			productName = MCDA5550_Assignment3;
			productReference = 77EFAE5A22FE3C69003BE332 /* MCDA5550_Assignment3.app */;
			productType = "com.apple.product-type.application";
		};
		77EFAE6D22FE3C6C003BE332 /* MCDA5550_Assignment3Tests */ = {
			isa = PBXNativeTarget;
			buildConfigurationList = 77EFAE8522FE3C6C003BE332 /* Build configuration list for PBXNativeTarget "MCDA5550_Assignment3Tests" */;
			buildPhases = (
				77EFAE6A22FE3C6C003BE332 /* Sources */,
				77EFAE6B22FE3C6C003BE332 /* Frameworks */,
				77EFAE6C22FE3C6C003BE332 /* Resources */,
			);
			buildRules = (
			);
			dependencies = (
				77EFAE7022FE3C6C003BE332 /* PBXTargetDependency */,
			);
			name = MCDA5550_Assignment3Tests;
			productName = MCDA5550_Assignment3Tests;
			productReference = 77EFAE6E22FE3C6C003BE332 /* MCDA5550_Assignment3Tests.xctest */;
			productType = "com.apple.product-type.bundle.unit-test";
		};
		77EFAE7822FE3C6C003BE332 /* MCDA5550_Assignment3UITests */ = {
			isa = PBXNativeTarget;
			buildConfigurationList = 77EFAE8822FE3C6C003BE332 /* Build configuration list for PBXNativeTarget "MCDA5550_Assignment3UITests" */;
			buildPhases = (
				77EFAE7522FE3C6C003BE332 /* Sources */,
				77EFAE7622FE3C6C003BE332 /* Frameworks */,
				77EFAE7722FE3C6C003BE332 /* Resources */,
			);
			buildRules = (
			);
			dependencies = (
				77EFAE7B22FE3C6C003BE332 /* PBXTargetDependency */,
			);
			name = MCDA5550_Assignment3UITests;
			productName = MCDA5550_Assignment3UITests;
			productReference = 77EFAE7922FE3C6C003BE332 /* MCDA5550_Assignment3UITests.xctest */;
			productType = "com.apple.product-type.bundle.ui-testing";
		};
/* End PBXNativeTarget section */

/* Begin PBXProject section */
		77EFAE5222FE3C69003BE332 /* Project object */ = {
			isa = PBXProject;
			attributes = {
				LastSwiftUpdateCheck = 1020;
				LastUpgradeCheck = 1020;
				ORGANIZATIONNAME = "MSc CDA";
				TargetAttributes = {
					77EFAE5922FE3C69003BE332 = {
						CreatedOnToolsVersion = 10.2.1;
					};
					77EFAE6D22FE3C6C003BE332 = {
						CreatedOnToolsVersion = 10.2.1;
						TestTargetID = 77EFAE5922FE3C69003BE332;
					};
					77EFAE7822FE3C6C003BE332 = {
						CreatedOnToolsVersion = 10.2.1;
						TestTargetID = 77EFAE5922FE3C69003BE332;
					};
				};
			};
			buildConfigurationList = 77EFAE5522FE3C69003BE332 /* Build configuration list for PBXProject "MCDA5550_Assignment3" */;
			compatibilityVersion = "Xcode 9.3";
			developmentRegion = en;
			hasScannedForEncodings = 0;
			knownRegions = (
				en,
				Base,
			);
			mainGroup = 77EFAE5122FE3C69003BE332;
			productRefGroup = 77EFAE5B22FE3C69003BE332 /* Products */;
			projectDirPath = "";
			projectRoot = "";
			targets = (
				77EFAE5922FE3C69003BE332 /* MCDA5550_Assignment3 */,
				77EFAE6D22FE3C6C003BE332 /* MCDA5550_Assignment3Tests */,
				77EFAE7822FE3C6C003BE332 /* MCDA5550_Assignment3UITests */,
			);
		};
/* End PBXProject section */

/* Begin PBXResourcesBuildPhase section */
		77EFAE5822FE3C69003BE332 /* Resources */ = {
			isa = PBXResourcesBuildPhase;
			buildActionMask = 2147483647;
			files = (
				77EFAE6822FE3C6C003BE332 /* LaunchScreen.storyboard in Resources */,
				77EFAE6522FE3C6C003BE332 /* Assets.xcassets in Resources */,
				77EFAE6322FE3C69003BE332 /* Main.storyboard in Resources */,
			);
			runOnlyForDeploymentPostprocessing = 0;
		};
		77EFAE6C22FE3C6C003BE332 /* Resources */ = {
			isa = PBXResourcesBuildPhase;
			buildActionMask = 2147483647;
			files = (
			);
			runOnlyForDeploymentPostprocessing = 0;
		};
		77EFAE7722FE3C6C003BE332 /* Resources */ = {
			isa = PBXResourcesBuildPhase;
			buildActionMask = 2147483647;
			files = (
			);
			runOnlyForDeploymentPostprocessing = 0;
		};
/* End PBXResourcesBuildPhase section */

/* Begin PBXSourcesBuildPhase section */
		77EFAE5622FE3C69003BE332 /* Sources */ = {
			isa = PBXSourcesBuildPhase;
			buildActionMask = 2147483647;
			files = (
				77EFAE6022FE3C69003BE332 /* ViewController.swift in Sources */,
				77EFAE5E22FE3C69003BE332 /* AppDelegate.swift in Sources */,
			);
			runOnlyForDeploymentPostprocessing = 0;
		};
		77EFAE6A22FE3C6C003BE332 /* Sources */ = {
			isa = PBXSourcesBuildPhase;
			buildActionMask = 2147483647;
			files = (
				77EFAE7322FE3C6C003BE332 /* MCDA5550_Assignment3Tests.swift in Sources */,
			);
			runOnlyForDeploymentPostprocessing = 0;
		};
		77EFAE7522FE3C6C003BE332 /* Sources */ = {
			isa = PBXSourcesBuildPhase;
			buildActionMask = 2147483647;
			files = (
				77EFAE7E22FE3C6C003BE332 /* MCDA5550_Assignment3UITests.swift in Sources */,
			);
			runOnlyForDeploymentPostprocessing = 0;
		};
/* End PBXSourcesBuildPhase section */

/* Begin PBXTargetDependency section */
		77EFAE7022FE3C6C003BE332 /* PBXTargetDependency */ = {
			isa = PBXTargetDependency;
			target = 77EFAE5922FE3C69003BE332 /* MCDA5550_Assignment3 */;
			targetProxy = 77EFAE6F22FE3C6C003BE332 /* PBXContainerItemProxy */;
		};
		77EFAE7B22FE3C6C003BE332 /* PBXTargetDependency */ = {
			isa = PBXTargetDependency;
			target = 77EFAE5922FE3C69003BE332 /* MCDA5550_Assignment3 */;
			targetProxy = 77EFAE7A22FE3C6C003BE332 /* PBXContainerItemProxy */;
		};
/* End PBXTargetDependency section */

/* Begin PBXVariantGroup section */
		77EFAE6122FE3C69003BE332 /* Main.storyboard */ = {
			isa = PBXVariantGroup;
			children = (
				77EFAE6222FE3C69003BE332 /* Base */,
			);
			name = Main.storyboard;
			sourceTree = "<group>";
		};
		77EFAE6622FE3C6C003BE332 /* LaunchScreen.storyboard */ = {
			isa = PBXVariantGroup;
			children = (
				77EFAE6722FE3C6C003BE332 /* Base */,
			);
			name = LaunchScreen.storyboard;
			sourceTree = "<group>";
		};
/* End PBXVariantGroup section */

/* Begin XCBuildConfiguration section */
		77EFAE8022FE3C6C003BE332 /* Debug */ = {
			isa = XCBuildConfiguration;
			buildSettings = {
				ALWAYS_SEARCH_USER_PATHS = NO;
				CLANG_ANALYZER_NONNULL = YES;
				CLANG_ANALYZER_NUMBER_OBJECT_CONVERSION = YES_AGGRESSIVE;
				CLANG_CXX_LANGUAGE_STANDARD = "gnu++14";
				CLANG_CXX_LIBRARY = "libc++";
				CLANG_ENABLE_MODULES = YES;
				CLANG_ENABLE_OBJC_ARC = YES;
				CLANG_ENABLE_OBJC_WEAK = YES;
				CLANG_WARN_BLOCK_CAPTURE_AUTORELEASING = YES;
				CLANG_WARN_BOOL_CONVERSION = YES;
				CLANG_WARN_COMMA = YES;
				CLANG_WARN_CONSTANT_CONVERSION = YES;
				CLANG_WARN_DEPRECATED_OBJC_IMPLEMENTATIONS = YES;
				CLANG_WARN_DIRECT_OBJC_ISA_USAGE = YES_ERROR;
				CLANG_WARN_DOCUMENTATION_COMMENTS = YES;
				CLANG_WARN_EMPTY_BODY = YES;
				CLANG_WARN_ENUM_CONVERSION = YES;
				CLANG_WARN_INFINITE_RECURSION = YES;
				CLANG_WARN_INT_CONVERSION = YES;
				CLANG_WARN_NON_LITERAL_NULL_CONVERSION = YES;
				CLANG_WARN_OBJC_IMPLICIT_RETAIN_SELF = YES;
				CLANG_WARN_OBJC_LITERAL_CONVERSION = YES;
				CLANG_WARN_OBJC_ROOT_CLASS = YES_ERROR;
				CLANG_WARN_RANGE_LOOP_ANALYSIS = YES;
				CLANG_WARN_STRICT_PROTOTYPES = YES;
				CLANG_WARN_SUSPICIOUS_MOVE = YES;
				CLANG_WARN_UNGUARDED_AVAILABILITY = YES_AGGRESSIVE;
				CLANG_WARN_UNREACHABLE_CODE = YES;
				CLANG_WARN__DUPLICATE_METHOD_MATCH = YES;
				CODE_SIGN_IDENTITY = "iPhone Developer";
				COPY_PHASE_STRIP = NO;
				DEBUG_INFORMATION_FORMAT = dwarf;
				ENABLE_STRICT_OBJC_MSGSEND = YES;
				ENABLE_TESTABILITY = YES;
				GCC_C_LANGUAGE_STANDARD = gnu11;
				GCC_DYNAMIC_NO_PIC = NO;
				GCC_NO_COMMON_BLOCKS = YES;
				GCC_OPTIMIZATION_LEVEL = 0;
				GCC_PREPROCESSOR_DEFINITIONS = (
					"DEBUG=1",
					"$(inherited)",
				);
				GCC_WARN_64_TO_32_BIT_CONVERSION = YES;
				GCC_WARN_ABOUT_RETURN_TYPE = YES_ERROR;
				GCC_WARN_UNDECLARED_SELECTOR = YES;
				GCC_WARN_UNINITIALIZED_AUTOS = YES_AGGRESSIVE;
				GCC_WARN_UNUSED_FUNCTION = YES;
				GCC_WARN_UNUSED_VARIABLE = YES;
				IPHONEOS_DEPLOYMENT_TARGET = 12.2;
				MTL_ENABLE_DEBUG_INFO = INCLUDE_SOURCE;
				MTL_FAST_MATH = YES;
				ONLY_ACTIVE_ARCH = YES;
				SDKROOT = iphoneos;
				SWIFT_ACTIVE_COMPILATION_CONDITIONS = DEBUG;
				SWIFT_OPTIMIZATION_LEVEL = "-Onone";
			};
			name = Debug;
		};
		77EFAE8122FE3C6C003BE332 /* Release */ = {
			isa = XCBuildConfiguration;
			buildSettings = {
				ALWAYS_SEARCH_USER_PATHS = NO;
				CLANG_ANALYZER_NONNULL = YES;
				CLANG_ANALYZER_NUMBER_OBJECT_CONVERSION = YES_AGGRESSIVE;
				CLANG_CXX_LANGUAGE_STANDARD = "gnu++14";
				CLANG_CXX_LIBRARY = "libc++";
				CLANG_ENABLE_MODULES = YES;
				CLANG_ENABLE_OBJC_ARC = YES;
				CLANG_ENABLE_OBJC_WEAK = YES;
				CLANG_WARN_BLOCK_CAPTURE_AUTORELEASING = YES;
				CLANG_WARN_BOOL_CONVERSION = YES;
				CLANG_WARN_COMMA = YES;
				CLANG_WARN_CONSTANT_CONVERSION = YES;
				CLANG_WARN_DEPRECATED_OBJC_IMPLEMENTATIONS = YES;
				CLANG_WARN_DIRECT_OBJC_ISA_USAGE = YES_ERROR;
				CLANG_WARN_DOCUMENTATION_COMMENTS = YES;
				CLANG_WARN_EMPTY_BODY = YES;
				CLANG_WARN_ENUM_CONVERSION = YES;
				CLANG_WARN_INFINITE_RECURSION = YES;
				CLANG_WARN_INT_CONVERSION = YES;
				CLANG_WARN_NON_LITERAL_NULL_CONVERSION = YES;
				CLANG_WARN_OBJC_IMPLICIT_RETAIN_SELF = YES;
				CLANG_WARN_OBJC_LITERAL_CONVERSION = YES;
				CLANG_WARN_OBJC_ROOT_CLASS = YES_ERROR;
				CLANG_WARN_RANGE_LOOP_ANALYSIS = YES;
				CLANG_WARN_STRICT_PROTOTYPES = YES;
				CLANG_WARN_SUSPICIOUS_MOVE = YES;
				CLANG_WARN_UNGUARDED_AVAILABILITY = YES_AGGRESSIVE;
				CLANG_WARN_UNREACHABLE_CODE = YES;
				CLANG_WARN__DUPLICATE_METHOD_MATCH = YES;
				CODE_SIGN_IDENTITY = "iPhone Developer";
				COPY_PHASE_STRIP = NO;
				DEBUG_INFORMATION_FORMAT = "dwarf-with-dsym";
				ENABLE_NS_ASSERTIONS = NO;
				ENABLE_STRICT_OBJC_MSGSEND = YES;
				GCC_C_LANGUAGE_STANDARD = gnu11;
				GCC_NO_COMMON_BLOCKS = YES;
				GCC_WARN_64_TO_32_BIT_CONVERSION = YES;
				GCC_WARN_ABOUT_RETURN_TYPE = YES_ERROR;
				GCC_WARN_UNDECLARED_SELECTOR = YES;
				GCC_WARN_UNINITIALIZED_AUTOS = YES_AGGRESSIVE;
				GCC_WARN_UNUSED_FUNCTION = YES;
				GCC_WARN_UNUSED_VARIABLE = YES;
				IPHONEOS_DEPLOYMENT_TARGET = 12.2;
				MTL_ENABLE_DEBUG_INFO = NO;
				MTL_FAST_MATH = YES;
				SDKROOT = iphoneos;
				SWIFT_COMPILATION_MODE = wholemodule;
				SWIFT_OPTIMIZATION_LEVEL = "-O";
				VALIDATE_PRODUCT = YES;
			};
			name = Release;
		};
		77EFAE8322FE3C6C003BE332 /* Debug */ = {
			isa = XCBuildConfiguration;
			buildSettings = {
				ASSETCATALOG_COMPILER_APPICON_NAME = AppIcon;
				CODE_SIGN_STYLE = Automatic;
				INFOPLIST_FILE = MCDA5550_Assignment3/Info.plist;
				LD_RUNPATH_SEARCH_PATHS = (
					"$(inherited)",
					"@executable_path/Frameworks",
				);
				PRODUCT_BUNDLE_IDENTIFIER = "com.group1.MCDA5550-Assignment3";
				PRODUCT_NAME = "$(TARGET_NAME)";
				SWIFT_VERSION = 5.0;
				TARGETED_DEVICE_FAMILY = "1,2";
			};
			name = Debug;
		};
		77EFAE8422FE3C6C003BE332 /* Release */ = {
			isa = XCBuildConfiguration;
			buildSettings = {
				ASSETCATALOG_COMPILER_APPICON_NAME = AppIcon;
				CODE_SIGN_STYLE = Automatic;
				INFOPLIST_FILE = MCDA5550_Assignment3/Info.plist;
				LD_RUNPATH_SEARCH_PATHS = (
					"$(inherited)",
					"@executable_path/Frameworks",
				);
				PRODUCT_BUNDLE_IDENTIFIER = "com.group1.MCDA5550-Assignment3";
				PRODUCT_NAME = "$(TARGET_NAME)";
				SWIFT_VERSION = 5.0;
				TARGETED_DEVICE_FAMILY = "1,2";
			};
			name = Release;
		};
		77EFAE8622FE3C6C003BE332 /* Debug */ = {
			isa = XCBuildConfiguration;
			buildSettings = {
				ALWAYS_EMBED_SWIFT_STANDARD_LIBRARIES = YES;
				BUNDLE_LOADER = "$(TEST_HOST)";
				CODE_SIGN_STYLE = Automatic;
				INFOPLIST_FILE = MCDA5550_Assignment3Tests/Info.plist;
				LD_RUNPATH_SEARCH_PATHS = (
					"$(inherited)",
					"@executable_path/Frameworks",
					"@loader_path/Frameworks",
				);
				PRODUCT_BUNDLE_IDENTIFIER = "com.group1.MCDA5550-Assignment3Tests";
				PRODUCT_NAME = "$(TARGET_NAME)";
				SWIFT_VERSION = 5.0;
				TARGETED_DEVICE_FAMILY = "1,2";
				TEST_HOST = "$(BUILT_PRODUCTS_DIR)/MCDA5550_Assignment3.app/MCDA5550_Assignment3";
			};
			name = Debug;
		};
		77EFAE8722FE3C6C003BE332 /* Release */ = {
			isa = XCBuildConfiguration;
			buildSettings = {
				ALWAYS_EMBED_SWIFT_STANDARD_LIBRARIES = YES;
				BUNDLE_LOADER = "$(TEST_HOST)";
				CODE_SIGN_STYLE = Automatic;
				INFOPLIST_FILE = MCDA5550_Assignment3Tests/Info.plist;
				LD_RUNPATH_SEARCH_PATHS = (
					"$(inherited)",
					"@executable_path/Frameworks",
					"@loader_path/Frameworks",
				);
				PRODUCT_BUNDLE_IDENTIFIER = "com.group1.MCDA5550-Assignment3Tests";
				PRODUCT_NAME = "$(TARGET_NAME)";
				SWIFT_VERSION = 5.0;
				TARGETED_DEVICE_FAMILY = "1,2";
				TEST_HOST = "$(BUILT_PRODUCTS_DIR)/MCDA5550_Assignment3.app/MCDA5550_Assignment3";
			};
			name = Release;
		};
		77EFAE8922FE3C6C003BE332 /* Debug */ = {
			isa = XCBuildConfiguration;
			buildSettings = {
				ALWAYS_EMBED_SWIFT_STANDARD_LIBRARIES = YES;
				CODE_SIGN_STYLE = Automatic;
				INFOPLIST_FILE = MCDA5550_Assignment3UITests/Info.plist;
				LD_RUNPATH_SEARCH_PATHS = (
					"$(inherited)",
					"@executable_path/Frameworks",
					"@loader_path/Frameworks",
				);
				PRODUCT_BUNDLE_IDENTIFIER = "com.group1.MCDA5550-Assignment3UITests";
				PRODUCT_NAME = "$(TARGET_NAME)";
				SWIFT_VERSION = 5.0;
				TARGETED_DEVICE_FAMILY = "1,2";
				TEST_TARGET_NAME = MCDA5550_Assignment3;
			};
			name = Debug;
		};
		77EFAE8A22FE3C6C003BE332 /* Release */ = {
			isa = XCBuildConfiguration;
			buildSettings = {
				ALWAYS_EMBED_SWIFT_STANDARD_LIBRARIES = YES;
				CODE_SIGN_STYLE = Automatic;
				INFOPLIST_FILE = MCDA5550_Assignment3UITests/Info.plist;
				LD_RUNPATH_SEARCH_PATHS = (
					"$(inherited)",
					"@executable_path/Frameworks",
					"@loader_path/Frameworks",
				);
				PRODUCT_BUNDLE_IDENTIFIER = "com.group1.MCDA5550-Assignment3UITests";
				PRODUCT_NAME = "$(TARGET_NAME)";
				SWIFT_VERSION = 5.0;
				TARGETED_DEVICE_FAMILY = "1,2";
				TEST_TARGET_NAME = MCDA5550_Assignment3;
			};
			name = Release;
		};
/* End XCBuildConfiguration section */

/* Begin XCConfigurationList section */
		77EFAE5522FE3C69003BE332 /* Build configuration list for PBXProject "MCDA5550_Assignment3" */ = {
			isa = XCConfigurationList;
			buildConfigurations = (
				77EFAE8022FE3C6C003BE332 /* Debug */,
				77EFAE8122FE3C6C003BE332 /* Release */,
			);
			defaultConfigurationIsVisible = 0;
			defaultConfigurationName = Release;
		};
		77EFAE8222FE3C6C003BE332 /* Build configuration list for PBXNativeTarget "MCDA5550_Assignment3" */ = {
			isa = XCConfigurationList;
			buildConfigurations = (
				77EFAE8322FE3C6C003BE332 /* Debug */,
				77EFAE8422FE3C6C003BE332 /* Release */,
			);
			defaultConfigurationIsVisible = 0;
			defaultConfigurationName = Release;
		};
		77EFAE8522FE3C6C003BE332 /* Build configuration list for PBXNativeTarget "MCDA5550_Assignment3Tests" */ = {
			isa = XCConfigurationList;
			buildConfigurations = (
				77EFAE8622FE3C6C003BE332 /* Debug */,
				77EFAE8722FE3C6C003BE332 /* Release */,
			);
			defaultConfigurationIsVisible = 0;
			defaultConfigurationName = Release;
		};
		77EFAE8822FE3C6C003BE332 /* Build configuration list for PBXNativeTarget "MCDA5550_Assignment3UITests" */ = {
			isa = XCConfigurationList;
			buildConfigurations = (
				77EFAE8922FE3C6C003BE332 /* Debug */,
				77EFAE8A22FE3C6C003BE332 /* Release */,
			);
			defaultConfigurationIsVisible = 0;
			defaultConfigurationName = Release;
		};
/* End XCConfigurationList section */
	};
	rootObject = 77EFAE5222FE3C69003BE332 /* Project object */;
}
